// !$*UTF8*$!
{
	archiveVersion = 1;
	classes = {
	};
	objectVersion = 46;
	objects = {

/* Begin PBXBuildFile section */
		CA3016031D356EAD00903729 /* AppDelegate.swift in Sources */ = {isa = PBXBuildFile; fileRef = CA3016021D356EAD00903729 /* AppDelegate.swift */; };
		CA3016051D356EAD00903729 /* ViewController.swift in Sources */ = {isa = PBXBuildFile; fileRef = CA3016041D356EAD00903729 /* ViewController.swift */; };
		CA3016081D356EAD00903729 /* Main.storyboard in Resources */ = {isa = PBXBuildFile; fileRef = CA3016061D356EAD00903729 /* Main.storyboard */; };
		CA30160A1D356EAD00903729 /* Assets.xcassets in Resources */ = {isa = PBXBuildFile; fileRef = CA3016091D356EAD00903729 /* Assets.xcassets */; };
		CA30160D1D356EAD00903729 /* LaunchScreen.storyboard in Resources */ = {isa = PBXBuildFile; fileRef = CA30160B1D356EAD00903729 /* LaunchScreen.storyboard */; };
/* End PBXBuildFile section */

/* Begin PBXFileReference section */
		CA3015FF1D356EAD00903729 /* haitchTests.app */ = {isa = PBXFileReference; explicitFileType = wrapper.application; includeInIndex = 0; path = haitchTests.app; sourceTree = BUILT_PRODUCTS_DIR; };
		CA3016021D356EAD00903729 /* AppDelegate.swift */ = {isa = PBXFileReference; lastKnownFileType = sourcecode.swift; path = AppDelegate.swift; sourceTree = "<group>"; };
		CA3016041D356EAD00903729 /* ViewController.swift */ = {isa = PBXFileReference; lastKnownFileType = sourcecode.swift; path = ViewController.swift; sourceTree = "<group>"; };
		CA3016071D356EAD00903729 /* Base */ = {isa = PBXFileReference; lastKnownFileType = file.storyboard; name = Base; path = Base.lproj/Main.storyboard; sourceTree = "<group>"; };
		CA3016091D356EAD00903729 /* Assets.xcassets */ = {isa = PBXFileReference; lastKnownFileType = folder.assetcatalog; path = Assets.xcassets; sourceTree = "<group>"; };
		CA30160C1D356EAD00903729 /* Base */ = {isa = PBXFileReference; lastKnownFileType = file.storyboard; name = Base; path = Base.lproj/LaunchScreen.storyboard; sourceTree = "<group>"; };
		CA30160E1D356EAD00903729 /* Info.plist */ = {isa = PBXFileReference; lastKnownFileType = text.plist.xml; path = Info.plist; sourceTree = "<group>"; };
/* End PBXFileReference section */

/* Begin PBXFrameworksBuildPhase section */
		CA3015FC1D356EAD00903729 /* Frameworks */ = {
			isa = PBXFrameworksBuildPhase;
			buildActionMask = 2147483647;
			files = (
			);
			runOnlyForDeploymentPostprocessing = 0;
		};
/* End PBXFrameworksBuildPhase section */

/* Begin PBXGroup section */
		CA3015F61D356EAC00903729 = {
			isa = PBXGroup;
			children = (
				CA3016011D356EAD00903729 /* haitchTests */,
				CA3016001D356EAD00903729 /* Products */,
			);
			sourceTree = "<group>";
		};
		CA3016001D356EAD00903729 /* Products */ = {
			isa = PBXGroup;
			children = (
				CA3015FF1D356EAD00903729 /* haitchTests.app */,
			);
			name = Products;
			sourceTree = "<group>";
		};
		CA3016011D356EAD00903729 /* haitchTests */ = {
			isa = PBXGroup;
			children = (
				CA3016021D356EAD00903729 /* AppDelegate.swift */,
				CA3016041D356EAD00903729 /* ViewController.swift */,
				CA3016061D356EAD00903729 /* Main.storyboard */,
				CA3016091D356EAD00903729 /* Assets.xcassets */,
				CA30160B1D356EAD00903729 /* LaunchScreen.storyboard */,
				CA30160E1D356EAD00903729 /* Info.plist */,
			);
			path = haitchTests;
			sourceTree = "<group>";
		};
/* End PBXGroup section */

/* Begin PBXNativeTarget section */
		CA3015FE1D356EAD00903729 /* haitchTests */ = {
			isa = PBXNativeTarget;
			buildConfigurationList = CA3016111D356EAD00903729 /* Build configuration list for PBXNativeTarget "haitchTests" */;
			buildPhases = (
				CA3015FB1D356EAD00903729 /* Sources */,
				CA3015FC1D356EAD00903729 /* Frameworks */,
				CA3015FD1D356EAD00903729 /* Resources */,
			);
			buildRules = (
			);
			dependencies = (
			);
			name = haitchTests;
			productName = haitchTests;
			productReference = CA3015FF1D356EAD00903729 /* haitchTests.app */;
			productType = "com.apple.product-type.application";
		};
/* End PBXNativeTarget section */

/* Begin PBXProject section */
		CA3015F71D356EAC00903729 /* Project object */ = {
			isa = PBXProject;
			attributes = {
				LastSwiftUpdateCheck = 0730;
				LastUpgradeCheck = 0730;
				ORGANIZATIONNAME = posse;
				TargetAttributes = {
					CA3015FE1D356EAD00903729 = {
						CreatedOnToolsVersion = 7.3.1;
					};
				};
			};
			buildConfigurationList = CA3015FA1D356EAC00903729 /* Build configuration list for PBXProject "haitchTests" */;
			compatibilityVersion = "Xcode 3.2";
			developmentRegion = English;
			hasScannedForEncodings = 0;
			knownRegions = (
				en,
				Base,
			);
			mainGroup = CA3015F61D356EAC00903729;
			productRefGroup = CA3016001D356EAD00903729 /* Products */;
			projectDirPath = "";
			projectRoot = "";
			targets = (
				CA3015FE1D356EAD00903729 /* haitchTests */,
			);
		};
/* End PBXProject section */

/* Begin PBXResourcesBuildPhase section */
		CA3015FD1D356EAD00903729 /* Resources */ = {
			isa = PBXResourcesBuildPhase;
			buildActionMask = 2147483647;
			files = (
				CA30160D1D356EAD00903729 /* LaunchScreen.storyboard in Resources */,
				CA30160A1D356EAD00903729 /* Assets.xcassets in Resources */,
				CA3016081D356EAD00903729 /* Main.storyboard in Resources */,
			);
			runOnlyForDeploymentPostprocessing = 0;
		};
/* End PBXResourcesBuildPhase section */

/* Begin PBXSourcesBuildPhase section */
		CA3015FB1D356EAD00903729 /* Sources */ = {
			isa = PBXSourcesBuildPhase;
			buildActionMask = 2147483647;
			files = (
				CA3016051D356EAD00903729 /* ViewController.swift in Sources */,
				CA3016031D356EAD00903729 /* AppDelegate.swift in Sources */,
			);
			runOnlyForDeploymentPostprocessing = 0;
		};
/* End PBXSourcesBuildPhase section */

/* Begin PBXVariantGroup section */
		CA3016061D356EAD00903729 /* Main.storyboard */ = {
			isa = PBXVariantGroup;
			children = (
				CA3016071D356EAD00903729 /* Base */,
			);
			name = Main.storyboard;
			sourceTree = "<group>";
		};
		CA30160B1D356EAD00903729 /* LaunchScreen.storyboard */ = {
			isa = PBXVariantGroup;
			children = (
				CA30160C1D356EAD00903729 /* Base */,
			);
			name = LaunchScreen.storyboard;
			sourceTree = "<group>";
		};
/* End PBXVariantGroup section */

/* Begin XCBuildConfiguration section */
		CA30160F1D356EAD00903729 /* Debug */ = {
			isa = XCBuildConfiguration;
			buildSettings = {
				ALWAYS_SEARCH_USER_PATHS = NO;
				CLANG_ANALYZER_NONNULL = YES;
				CLANG_CXX_LANGUAGE_STANDARD = "gnu++0x";
				CLANG_CXX_LIBRARY = "libc++";
				CLANG_ENABLE_MODULES = YES;
				CLANG_ENABLE_OBJC_ARC = YES;
				CLANG_WARN_BOOL_CONVERSION = YES;
				CLANG_WARN_CONSTANT_CONVERSION = YES;
				CLANG_WARN_DIRECT_OBJC_ISA_USAGE = YES_ERROR;
				CLANG_WARN_EMPTY_BODY = YES;
				CLANG_WARN_ENUM_CONVERSION = YES;
				CLANG_WARN_INT_CONVERSION = YES;
				CLANG_WARN_OBJC_ROOT_CLASS = YES_ERROR;
				CLANG_WARN_UNREACHABLE_CODE = YES;
				CLANG_WARN__DUPLICATE_METHOD_MATCH = YES;
				"CODE_SIGN_IDENTITY[sdk=iphoneos*]" = "iPhone Developer";
				COPY_PHASE_STRIP = NO;
				DEBUG_INFORMATION_FORMAT = dwarf;
				ENABLE_STRICT_OBJC_MSGSEND = YES;
				ENABLE_TESTABILITY = YES;
				GCC_C_LANGUAGE_STANDARD = gnu99;
				GCC_DYNAMIC_NO_PIC = NO;
				GCC_NO_COMMON_BLOCKS = YES;
				GCC_OPTIMIZATION_LEVEL = 0;
				GCC_PREPROCESSOR_DEFINITIONS = (
					"DEBUG=1",
					"$(inherited)",
				);
				GCC_WARN_64_TO_32_BIT_CONVERSION = YES;
				GCC_WARN_ABOUT_RETURN_TYPE = YES_ERROR;
				GCC_WARN_UNDECLARED_SELECTOR = YES;
				GCC_WARN_UNINITIALIZED_AUTOS = YES_AGGRESSIVE;
				GCC_WARN_UNUSED_FUNCTION = YES;
				GCC_WARN_UNUSED_VARIABLE = YES;
				IPHONEOS_DEPLOYMENT_TARGET = 9.3;
				MTL_ENABLE_DEBUG_INFO = YES;
				ONLY_ACTIVE_ARCH = YES;
				SDKROOT = iphoneos;
				SWIFT_OPTIMIZATION_LEVEL = "-Onone";
				TARGETED_DEVICE_FAMILY = "1,2";
			};
			name = Debug;
		};
		CA3016101D356EAD00903729 /* Release */ = {
			isa = XCBuildConfiguration;
			buildSettings = {
				ALWAYS_SEARCH_USER_PATHS = NO;
				CLANG_ANALYZER_NONNULL = YES;
				CLANG_CXX_LANGUAGE_STANDARD = "gnu++0x";
				CLANG_CXX_LIBRARY = "libc++";
				CLANG_ENABLE_MODULES = YES;
				CLANG_ENABLE_OBJC_ARC = YES;
				CLANG_WARN_BOOL_CONVERSION = YES;
				CLANG_WARN_CONSTANT_CONVERSION = YES;
				CLANG_WARN_DIRECT_OBJC_ISA_USAGE = YES_ERROR;
				CLANG_WARN_EMPTY_BODY = YES;
				CLANG_WARN_ENUM_CONVERSION = YES;
				CLANG_WARN_INT_CONVERSION = YES;
				CLANG_WARN_OBJC_ROOT_CLASS = YES_ERROR;
				CLANG_WARN_UNREACHABLE_CODE = YES;
				CLANG_WARN__DUPLICATE_METHOD_MATCH = YES;
				"CODE_SIGN_IDENTITY[sdk=iphoneos*]" = "iPhone Developer";
				COPY_PHASE_STRIP = NO;
				DEBUG_INFORMATION_FORMAT = "dwarf-with-dsym";
				ENABLE_NS_ASSERTIONS = NO;
				ENABLE_STRICT_OBJC_MSGSEND = YES;
				GCC_C_LANGUAGE_STANDARD = gnu99;
				GCC_NO_COMMON_BLOCKS = YES;
				GCC_WARN_64_TO_32_BIT_CONVERSION = YES;
				GCC_WARN_ABOUT_RETURN_TYPE = YES_ERROR;
				GCC_WARN_UNDECLARED_SELECTOR = YES;
				GCC_WARN_UNINITIALIZED_AUTOS = YES_AGGRESSIVE;
				GCC_WARN_UNUSED_FUNCTION = YES;
				GCC_WARN_UNUSED_VARIABLE = YES;
				IPHONEOS_DEPLOYMENT_TARGET = 9.3;
				MTL_ENABLE_DEBUG_INFO = NO;
				SDKROOT = iphoneos;
				TARGETED_DEVICE_FAMILY = "1,2";
				VALIDATE_PRODUCT = YES;
			};
			name = Release;
		};
		CA3016121D356EAD00903729 /* Debug */ = {
			isa = XCBuildConfiguration;
			buildSettings = {
				ASSETCATALOG_COMPILER_APPICON_NAME = AppIcon;
				INFOPLIST_FILE = haitchTests/Info.plist;
				IPHONEOS_DEPLOYMENT_TARGET = 9.0;
				LD_RUNPATH_SEARCH_PATHS = "$(inherited) @executable_path/Frameworks";
				PRODUCT_BUNDLE_IDENTIFIER = com.posse.haitchTests;
				PRODUCT_NAME = "$(TARGET_NAME)";
			};
			name = Debug;
		};
		CA3016131D356EAD00903729 /* Release */ = {
			isa = XCBuildConfiguration;
			buildSettings = {
				ASSETCATALOG_COMPILER_APPICON_NAME = AppIcon;
				INFOPLIST_FILE = haitchTests/Info.plist;
				IPHONEOS_DEPLOYMENT_TARGET = 9.0;
				LD_RUNPATH_SEARCH_PATHS = "$(inherited) @executable_path/Frameworks";
				PRODUCT_BUNDLE_IDENTIFIER = com.posse.haitchTests;
				PRODUCT_NAME = "$(TARGET_NAME)";
			};
			name = Release;
		};
/* End XCBuildConfiguration section */

/* Begin XCConfigurationList section */
		CA3015FA1D356EAC00903729 /* Build configuration list for PBXProject "haitchTests" */ = {
			isa = XCConfigurationList;
			buildConfigurations = (
				CA30160F1D356EAD00903729 /* Debug */,
				CA3016101D356EAD00903729 /* Release */,
			);
			defaultConfigurationIsVisible = 0;
			defaultConfigurationName = Release;
		};
		CA3016111D356EAD00903729 /* Build configuration list for PBXNativeTarget "haitchTests" */ = {
			isa = XCConfigurationList;
			buildConfigurations = (
				CA3016121D356EAD00903729 /* Debug */,
				CA3016131D356EAD00903729 /* Release */,
			);
			defaultConfigurationIsVisible = 0;
		};
/* End XCConfigurationList section */
	};
	rootObject = CA3015F71D356EAC00903729 /* Project object */;
}
